
Microsoft Visual Studio Solution File, Format Version 12.00
# Visual Studio Version 17
VisualStudioVersion = 17.4.33213.308
MinimumVisualStudioVersion = 10.0.40219.1
Project("{FAE04EC0-301F-11D3-BF4B-00C04F79EFBC}") = "auth_titan_backend", "auth_titan_backend\auth_titan_backend.csproj", "{400E895D-817A-456B-B751-D1E1A7A75E25}"
EndProject
Global
	GlobalSection(SolutionConfigurationPlatforms) = preSolution
		Debug|Any CPU = Debug|Any CPU
		Release|Any CPU = Release|Any CPU
	EndGlobalSection
	GlobalSection(ProjectConfigurationPlatforms) = postSolution
		{400E895D-817A-456B-B751-D1E1A7A75E25}.Debug|Any CPU.ActiveCfg = Debug|Any CPU
		{400E895D-817A-456B-B751-D1E1A7A75E25}.Debug|Any CPU.Build.0 = Debug|Any CPU
		{400E895D-817A-456B-B751-D1E1A7A75E25}.Release|Any CPU.ActiveCfg = Release|Any CPU
		{400E895D-817A-456B-B751-D1E1A7A75E25}.Release|Any CPU.Build.0 = Release|Any CPU
	EndGlobalSection
	GlobalSection(SolutionProperties) = preSolution
		HideSolutionNode = FALSE
	EndGlobalSection
	GlobalSection(ExtensibilityGlobals) = postSolution
		SolutionGuid = {D29A4FE9-8B5A-4DDF-8CDA-B1D3208CE7AA}
	EndGlobalSection
EndGlobal
